
Microsoft Visual Studio Solution File, Format Version 12.00
# Visual Studio 15
VisualStudioVersion = 15.0.26124.0
MinimumVisualStudioVersion = 15.0.26124.0
Project("{FAE04EC0-301F-11D3-BF4B-00C04F79EFBC}") = "Client", "Client\Client.csproj", "{F01924A5-AC6A-4FEE-B4EB-2C25FCFC1ADE}"
EndProject
Project("{FAE04EC0-301F-11D3-BF4B-00C04F79EFBC}") = "Server", "Server\Server.csproj", "{D6666A1A-3D42-420B-9E78-E8D685075A61}"
EndProject
Global
	GlobalSection(SolutionConfigurationPlatforms) = preSolution
		Debug|Any CPU = Debug|Any CPU
		Debug|x64 = Debug|x64
		Debug|x86 = Debug|x86
		Release|Any CPU = Release|Any CPU
		Release|x64 = Release|x64
		Release|x86 = Release|x86
	EndGlobalSection
	GlobalSection(SolutionProperties) = preSolution
		HideSolutionNode = FALSE
	EndGlobalSection
	GlobalSection(ProjectConfigurationPlatforms) = postSolution
		{F01924A5-AC6A-4FEE-B4EB-2C25FCFC1ADE}.Debug|Any CPU.ActiveCfg = Debug|Any CPU
		{F01924A5-AC6A-4FEE-B4EB-2C25FCFC1ADE}.Debug|Any CPU.Build.0 = Debug|Any CPU
		{F01924A5-AC6A-4FEE-B4EB-2C25FCFC1ADE}.Debug|x64.ActiveCfg = Debug|Any CPU
		{F01924A5-AC6A-4FEE-B4EB-2C25FCFC1ADE}.Debug|x64.Build.0 = Debug|Any CPU
		{F01924A5-AC6A-4FEE-B4EB-2C25FCFC1ADE}.Debug|x86.ActiveCfg = Debug|Any CPU
		{F01924A5-AC6A-4FEE-B4EB-2C25FCFC1ADE}.Debug|x86.Build.0 = Debug|Any CPU
		{F01924A5-AC6A-4FEE-B4EB-2C25FCFC1ADE}.Release|Any CPU.ActiveCfg = Release|Any CPU
		{F01924A5-AC6A-4FEE-B4EB-2C25FCFC1ADE}.Release|Any CPU.Build.0 = Release|Any CPU
		{F01924A5-AC6A-4FEE-B4EB-2C25FCFC1ADE}.Release|x64.ActiveCfg = Release|Any CPU
		{F01924A5-AC6A-4FEE-B4EB-2C25FCFC1ADE}.Release|x64.Build.0 = Release|Any CPU
		{F01924A5-AC6A-4FEE-B4EB-2C25FCFC1ADE}.Release|x86.ActiveCfg = Release|Any CPU
		{F01924A5-AC6A-4FEE-B4EB-2C25FCFC1ADE}.Release|x86.Build.0 = Release|Any CPU
		{D6666A1A-3D42-420B-9E78-E8D685075A61}.Debug|Any CPU.ActiveCfg = Debug|Any CPU
		{D6666A1A-3D42-420B-9E78-E8D685075A61}.Debug|Any CPU.Build.0 = Debug|Any CPU
		{D6666A1A-3D42-420B-9E78-E8D685075A61}.Debug|x64.ActiveCfg = Debug|Any CPU
		{D6666A1A-3D42-420B-9E78-E8D685075A61}.Debug|x64.Build.0 = Debug|Any CPU
		{D6666A1A-3D42-420B-9E78-E8D685075A61}.Debug|x86.ActiveCfg = Debug|Any CPU
		{D6666A1A-3D42-420B-9E78-E8D685075A61}.Debug|x86.Build.0 = Debug|Any CPU
		{D6666A1A-3D42-420B-9E78-E8D685075A61}.Release|Any CPU.ActiveCfg = Release|Any CPU
		{D6666A1A-3D42-420B-9E78-E8D685075A61}.Release|Any CPU.Build.0 = Release|Any CPU
		{D6666A1A-3D42-420B-9E78-E8D685075A61}.Release|x64.ActiveCfg = Release|Any CPU
		{D6666A1A-3D42-420B-9E78-E8D685075A61}.Release|x64.Build.0 = Release|Any CPU
		{D6666A1A-3D42-420B-9E78-E8D685075A61}.Release|x86.ActiveCfg = Release|Any CPU
		{D6666A1A-3D42-420B-9E78-E8D685075A61}.Release|x86.Build.0 = Release|Any CPU
	EndGlobalSection
EndGlobal
